
Microsoft Visual Studio Solution File, Format Version 12.00
# Visual Studio Version 17
VisualStudioVersion = 17.7.34221.43
MinimumVisualStudioVersion = 10.0.40219.1
Project("{FAE04EC0-301F-11D3-BF4B-00C04F79EFBC}") = "BookStore", "BookStore\BookStore.csproj", "{C161AD2C-4668-4F4E-BA8E-46CD6F763C67}"
EndProject
Global
	GlobalSection(SolutionConfigurationPlatforms) = preSolution
		Debug|Any CPU = Debug|Any CPU
		Release|Any CPU = Release|Any CPU
	EndGlobalSection
	GlobalSection(ProjectConfigurationPlatforms) = postSolution
		{C161AD2C-4668-4F4E-BA8E-46CD6F763C67}.Debug|Any CPU.ActiveCfg = Debug|Any CPU
		{C161AD2C-4668-4F4E-BA8E-46CD6F763C67}.Debug|Any CPU.Build.0 = Debug|Any CPU
		{C161AD2C-4668-4F4E-BA8E-46CD6F763C67}.Release|Any CPU.ActiveCfg = Release|Any CPU
		{C161AD2C-4668-4F4E-BA8E-46CD6F763C67}.Release|Any CPU.Build.0 = Release|Any CPU
	EndGlobalSection
	GlobalSection(SolutionProperties) = preSolution
		HideSolutionNode = FALSE
	EndGlobalSection
	GlobalSection(ExtensibilityGlobals) = postSolution
		SolutionGuid = {276FFD70-A811-4A6C-8BA8-711CD675CEDC}
	EndGlobalSection
EndGlobal
